#MicroXplorer Configuration settings - do not modify
Mcu.Family=STM32F4
ProjectManager.MainLocation=Core/Src
PA6.Mode=Full_Duplex_Master
RCC.CortexFreq_Value=100000000
ProjectManager.KeepUserCode=true
Mcu.UserName=STM32F411VETx
SPI1.VirtualType=VM_MASTER
PC12.Locked=true
SH.ADCx_IN2.0=ADC1_IN2,IN2
RCC.PLLCLKFreq_Value=100000000
PC12.Signal=GPIO_Output
RCC.PLLQCLKFreq_Value=50000000
PC7.Locked=true
PC5.Locked=true
ProjectManager.functionlistsort=1-MX_GPIO_Init-GPIO-false-HAL-true,2-MX_DMA_Init-DMA-false-HAL-true,3-SystemClock_Config-RCC-false-HAL-false,4-MX_ADC1_Init-ADC1-false-HAL-true,5-MX_SPI1_Init-SPI1-false-HAL-true,6-MX_USART1_UART_Init-USART1-false-HAL-true,7-MX_I2C1_Init-I2C1-false-HAL-true,8-MX_TIM2_Init-TIM2-false-HAL-true,9-MX_TIM3_Init-TIM3-false-HAL-true,10-MX_TIM4_Init-TIM4-false-HAL-true
PD8.Locked=true
RCC.RTCFreq_Value=32000
PC9.Locked=true
PD6.Locked=true
PD0.Locked=true
PD2.Locked=true
PD4.Locked=true
USART1.IPParameters=VirtualMode
PB13.Signal=GPIO_Output
PinOutPanel.RotationAngle=0
RCC.SYSCLKSource=RCC_SYSCLKSOURCE_PLLCLK
ProjectManager.StackSize=0x400
PD13.Signal=GPIO_Output
Mcu.IP4=RCC
RCC.FCLKCortexFreq_Value=100000000
Mcu.IP5=SPI1
PD13.Locked=true
Mcu.IP2=I2C1
NVIC.SVCall_IRQn=true\:0\:0\:false\:false\:true\:false\:false
Mcu.IP3=NVIC
Mcu.IP0=ADC1
Mcu.IP1=DMA
Mcu.UserConstants=
PH0\ -\ OSC_IN.Signal=RCC_OSC_IN
Mcu.ThirdPartyNb=0
SPI1.Direction=SPI_DIRECTION_2LINES
RCC.HCLKFreq_Value=100000000
SH.ADCx_IN3.0=ADC1_IN3,IN3
Mcu.IPNb=11
RCC.I2SClocksFreq_Value=96000000
TIM2.IPParameters=Prescaler,AutoReloadPreload
ProjectManager.PreviousToolchain=STM32CubeIDE
PD4.Signal=GPIO_Output
RCC.APB2TimFreq_Value=100000000
TIM3.Period=10
PB6.Signal=I2C1_SCL
RCC.VcooutputI2S=96000000
PC7.Signal=GPIO_Output
SH.ADCx_IN3.ConfNb=1
PB6.Mode=I2C
SPI1.CalculateBaudRate=50.0 MBits/s
Mcu.Pin6=PH1 - OSC_OUT
PD0.Signal=GPIO_Output
Mcu.Pin7=PA0-WKUP
PD8.Signal=GPIO_Input
VP_TIM2_VS_ClockSourceINT.Signal=TIM2_VS_ClockSourceINT
PE5.Signal=GPIO_Output
Mcu.Pin8=PA1
PE10.Locked=true
Mcu.Pin9=PA2
PE1.Signal=GPIO_Output
RCC.AHBFreq_Value=100000000
PB13.Locked=true
Dma.USART1_RX.0.Priority=DMA_PRIORITY_LOW
Mcu.Pin0=PE2
PE14.Locked=true
Mcu.Pin1=PE3
Mcu.Pin2=PE4
Mcu.Pin3=PE5
Mcu.Pin4=PE6
Mcu.Pin5=PH0 - OSC_IN
ADC1.Channel-0\#ChannelRegularConversion=ADC_CHANNEL_0
ProjectManager.ProjectBuild=false
RCC.HSE_VALUE=16000000
NVIC.UsageFault_IRQn=true\:0\:0\:false\:false\:true\:false\:false
NVIC.DebugMonitor_IRQn=true\:0\:0\:false\:false\:true\:false\:false
PB2.Signal=GPIO_Output
PA4.Locked=true
Mcu.IP10=USART1
NVIC.SysTick_IRQn=true\:0\:0\:false\:false\:true\:false\:true
ProjectManager.FirmwarePackage=STM32Cube FW_F4 V1.26.2
MxDb.Version=DB.6.0.21
PE15.Locked=true
PE13.Signal=GPIO_Input
ProjectManager.BackupPrevious=false
RCC.VCOInputFreq_Value=2000000
PA14.Mode=Serial_Wire
SH.ADCx_IN1.ConfNb=1
TIM3.Prescaler=99
File.Version=6
PE2.Signal=GPIO_Output
PE3.Locked=true
PB7.Signal=I2C1_SDA
PB8.Locked=true
SH.ADCx_IN0.0=ADC1_IN0,IN0
PE1.Locked=true
NVIC.PendSV_IRQn=true\:0\:0\:false\:false\:true\:false\:false
TIM4.Period=1000
Dma.USART1_RX.0.MemInc=DMA_MINC_ENABLE
PE10.Signal=GPIO_Output
PE4.Signal=GPIO_Output
Dma.RequestsNb=1
ProjectManager.HalAssertFull=false
PB0.Locked=true
ADC1.SamplingTime-0\#ChannelRegularConversion=ADC_SAMPLETIME_3CYCLES
ProjectManager.ProjectName=pickplazstm
RCC.MCO2PinFreq_Value=100000000
Mcu.Package=LQFP100
PB9.Signal=GPIO_Output
TIM2.Prescaler=99
PB1.Signal=GPIO_Output
PA6.Signal=SPI1_MISO
PD11.Locked=true
PD12.Signal=GPIO_Output
ProjectManager.ToolChainLocation=
PD14.Locked=true
RCC.LSI_VALUE=32000
VP_SYS_VS_Systick.Signal=SYS_VS_Systick
Dma.USART1_RX.0.RequestParameters=Instance,Direction,PeriphInc,MemInc,PeriphDataAlignment,MemDataAlignment,Mode,Priority,FIFOMode
PA10.Signal=USART1_RX
Dma.USART1_RX.0.FIFOMode=DMA_FIFOMODE_DISABLE
SH.ADCx_IN1.0=ADC1_IN1,IN1
NVIC.DMA2_Stream2_IRQn=true\:0\:0\:false\:false\:true\:false\:true
RCC.APB1TimFreq_Value=100000000
NVIC.BusFault_IRQn=true\:0\:0\:false\:false\:true\:false\:false
PC4.Locked=true
Dma.USART1_RX.0.Mode=DMA_CIRCULAR
PC5.Signal=GPIO_Input
PE6.Locked=true
NVIC.USART1_IRQn=true\:0\:0\:false\:false\:true\:true\:true
PD6.Signal=GPIO_Output
Dma.Request0=USART1_RX
SPI1.BaudRatePrescaler=SPI_BAUDRATEPRESCALER_2
PD5.Locked=true
PE12.Locked=true
PD15.Signal=GPIO_Output
Dma.USART1_RX.0.Instance=DMA2_Stream2
ProjectManager.CustomerFirmwarePackage=
VP_TIM3_VS_ClockSourceINT.Mode=Internal
PB4.Signal=GPIO_Output
PA3.Signal=ADCx_IN3
PA5.Mode=Full_Duplex_Master
PA2.Locked=true
RCC.PLLSourceVirtual=RCC_PLLSOURCE_HSE
ProjectManager.ProjectFileName=pickplazstm.ioc
TIM4.AutoReloadPreload=TIM_AUTORELOAD_PRELOAD_ENABLE
ADC1.Rank-0\#ChannelRegularConversion=1
PA7.Mode=Full_Duplex_Master
Dma.USART1_RX.0.PeriphDataAlignment=DMA_PDATAALIGN_BYTE
PA10.Mode=Asynchronous
Mcu.PinsNb=68
TIM3.AutoReloadPreload=TIM_AUTORELOAD_PRELOAD_ENABLE
ProjectManager.NoMain=false
PC11.Locked=true
SPI1.IPParameters=VirtualType,Mode,Direction,CalculateBaudRate,BaudRatePrescaler
ADC1.IPParameters=Rank-0\#ChannelRegularConversion,master,Channel-0\#ChannelRegularConversion,SamplingTime-0\#ChannelRegularConversion,NbrOfConversionFlag
PC11.Signal=GPIO_Output
PD3.Signal=GPIO_Output
PH1\ -\ OSC_OUT.Mode=HSE-External-Oscillator
PC8.Signal=GPIO_Output
PC4.Signal=GPIO_Input
PC6.Signal=GPIO_Output
PD7.Signal=GPIO_Output
PD1.Signal=GPIO_Output
ProjectManager.DefaultFWLocation=true
PD9.Signal=GPIO_Input
PD5.Signal=GPIO_Output
PB12.Locked=true
ProjectManager.DeletePrevious=true
PB14.Locked=true
RCC.APB1CLKDivider=RCC_HCLK_DIV2
Mcu.Pin62=PE0
Mcu.Pin63=PE1
Mcu.Pin60=PB8
Mcu.Pin61=PB9
Mcu.Pin66=VP_TIM3_VS_ClockSourceINT
Mcu.Pin67=VP_TIM4_VS_ClockSourceINT
RCC.FamilyName=M
Mcu.Pin64=VP_SYS_VS_Systick
Mcu.Pin65=VP_TIM2_VS_ClockSourceINT
PA0-WKUP.Signal=ADCx_IN0
PA0-WKUP.Locked=true
PD12.Locked=true
PD10.Signal=GPIO_Input
PA13.Signal=SYS_JTMS-SWDIO
PA9.Mode=Asynchronous
PA11.Locked=true
PH0\ -\ OSC_IN.Mode=HSE-External-Oscillator
Mcu.Pin59=PB7
Mcu.Pin57=PB5
Mcu.Pin58=PB6
VP_TIM4_VS_ClockSourceINT.Signal=TIM4_VS_ClockSourceINT
ProjectManager.TargetToolchain=STM32CubeIDE
TIM4.IPParameters=Prescaler,Period,AutoReloadPreload
Mcu.Pin51=PD3
Mcu.Pin52=PD4
Mcu.Pin50=PD2
Mcu.Pin55=PD7
Mcu.Pin56=PB4
Dma.USART1_RX.0.Direction=DMA_PERIPH_TO_MEMORY
Mcu.Pin53=PD5
Mcu.Pin54=PD6
PC6.Locked=true
PA9.Signal=USART1_TX
PE4.Locked=true
PB5.Locked=true
PB9.Locked=true
RCC.VCOInputMFreq_Value=1000000
ProjectManager.RegisterCallBack=
PE0.Locked=true
VP_TIM3_VS_ClockSourceINT.Signal=TIM3_VS_ClockSourceINT
TIM4.Prescaler=99
PE11.Signal=GPIO_Output
PD7.Locked=true
RCC.LSE_VALUE=32768
PD3.Locked=true
PA1.Signal=ADCx_IN1
Mcu.Pin48=PD0
Mcu.Pin49=PD1
Dma.USART1_RX.0.PeriphInc=DMA_PINC_DISABLE
PB1.Locked=true
Mcu.Pin46=PC11
Mcu.Pin47=PC12
RCC.VCOI2SOutputFreq_Value=192000000
PB14.Signal=GPIO_Output
PA5.Signal=SPI1_SCK
Mcu.Pin40=PC9
Mcu.Pin41=PA9
Mcu.Pin44=PA13
PH1\ -\ OSC_OUT.Signal=RCC_OSC_OUT
Mcu.Pin45=PA14
Mcu.Pin42=PA10
board=custom
Mcu.Pin43=PA11
RCC.VCOOutputFreq_Value=200000000
ProjectManager.LastFirmware=true
NVIC.TIM3_IRQn=true\:0\:0\:false\:false\:true\:true\:true
NVIC.SPI1_IRQn=true\:0\:0\:false\:false\:true\:true\:true
RCC.APB2Freq_Value=100000000
PE14.Signal=GPIO_Input
PE15.Signal=GPIO_Input
MxCube.Version=6.2.1
Mcu.Pin37=PC6
Mcu.Pin38=PC7
Mcu.Pin35=PD14
VP_TIM2_VS_ClockSourceINT.Mode=Internal
Mcu.Pin36=PD15
SPI1.Mode=SPI_MODE_MASTER
SH.ADCx_IN0.ConfNb=1
Mcu.Pin39=PC8
SH.ADCx_IN2.ConfNb=1
Mcu.Pin30=PD9
VP_SYS_VS_Systick.Mode=SysTick
RCC.EthernetFreq_Value=100000000
Mcu.Pin33=PD12
TIM3.IPParameters=Prescaler,Period,AutoReloadPreload
Mcu.Pin34=PD13
Dma.USART1_RX.0.MemDataAlignment=DMA_MDATAALIGN_BYTE
Mcu.Pin31=PD10
Mcu.Pin32=PD11
NVIC.NonMaskableInt_IRQn=true\:0\:0\:false\:false\:true\:false\:false
PE5.Locked=true
PE6.Signal=GPIO_Output
PA13.Mode=Serial_Wire
ProjectManager.FreePins=false
RCC.IPParameters=48MHZClocksFreq_Value,AHBFreq_Value,APB1CLKDivider,APB1Freq_Value,APB1TimFreq_Value,APB2Freq_Value,APB2TimFreq_Value,CortexFreq_Value,EthernetFreq_Value,FCLKCortexFreq_Value,FamilyName,HCLKFreq_Value,HSE_VALUE,HSI_VALUE,I2SClocksFreq_Value,LSE_VALUE,LSI_VALUE,MCO2PinFreq_Value,PLLCLKFreq_Value,PLLM,PLLN,PLLQCLKFreq_Value,PLLSourceVirtual,RTCFreq_Value,RTCHSEDivFreq_Value,SYSCLKFreq_VALUE,SYSCLKSource,VCOI2SOutputFreq_Value,VCOInputFreq_Value,VCOInputMFreq_Value,VCOOutputFreq_Value,VcooutputI2S
PE11.Locked=true
ProjectManager.AskForMigrate=true
Mcu.Name=STM32F411V(C-E)Tx
PE0.Signal=GPIO_Output
PE12.Signal=GPIO_Output
Mcu.Pin26=PB12
Mcu.Pin27=PB13
RCC.RTCHSEDivFreq_Value=8000000
PA2.Signal=ADCx_IN2
Mcu.Pin24=PE14
ProjectManager.UnderRoot=true
PE13.Locked=true
Mcu.Pin25=PE15
PB2.Locked=true
Mcu.IP8=TIM3
Mcu.IP9=TIM4
Mcu.Pin28=PB14
PD14.Signal=GPIO_Output
Mcu.IP6=SYS
Mcu.Pin29=PD8
Mcu.IP7=TIM2
ProjectManager.CoupleFile=false
PB4.Locked=true
RCC.48MHZClocksFreq_Value=50000000
PA4.Signal=GPIO_Input
RCC.SYSCLKFreq_VALUE=100000000
Mcu.Pin22=PE12
PB5.Signal=GPIO_Output
Mcu.Pin23=PE13
PA1.Locked=true
Mcu.Pin20=PE10
ADC1.master=1
PA3.Locked=true
Mcu.Pin21=PE11
PD10.Locked=true
NVIC.ForceEnableDMAVector=true
KeepUserPlacement=false
PD11.Signal=GPIO_Output
NVIC.MemoryManagement_IRQn=true\:0\:0\:false\:false\:true\:false\:false
USART1.VirtualMode=VM_ASYNC
ProjectManager.CompilerOptimize=6
PD15.Locked=true
PA11.Signal=GPIO_Input
PB7.Mode=I2C
PA14.Signal=SYS_JTCK-SWCLK
ProjectManager.HeapSize=0x200
Mcu.Pin15=PC4
NVIC.HardFault_IRQn=true\:0\:0\:false\:false\:true\:false\:false
Mcu.Pin16=PC5
Mcu.Pin13=PA6
Mcu.Pin14=PA7
Mcu.Pin19=PB2
ProjectManager.ComputerToolchain=false
Mcu.Pin17=PB0
RCC.HSI_VALUE=16000000
Mcu.Pin18=PB1
VP_TIM4_VS_ClockSourceINT.Mode=Internal
NVIC.PriorityGroup=NVIC_PRIORITYGROUP_4
ADC1.NbrOfConversionFlag=1
Mcu.Pin11=PA4
Mcu.Pin12=PA5
RCC.PLLM=8
RCC.PLLN=100
Mcu.Pin10=PA3
PE2.Locked=true
PE3.Signal=GPIO_Output
PB8.Signal=GPIO_Output
TIM2.AutoReloadPreload=TIM_AUTORELOAD_PRELOAD_ENABLE
PC8.Locked=true
PC9.Signal=GPIO_Output
PD2.Signal=GPIO_Output
NVIC.TIM4_IRQn=true\:0\:0\:false\:false\:true\:true\:true
PD9.Locked=true
RCC.APB1Freq_Value=50000000
PD1.Locked=true
PB0.Signal=GPIO_Input
ProjectManager.DeviceId=STM32F411VETx
PB12.Signal=GPIO_Input
ProjectManager.LibraryCopy=1
PA7.Signal=SPI1_MOSI
isbadioc=false
